
Microsoft Visual Studio Solution File, Format Version 12.00
# Visual Studio Version 17
VisualStudioVersion = 17.3.32819.101
MinimumVisualStudioVersion = 10.0.40219.1
Project("{8BC9CEB8-8B4A-11D0-8D11-00A0C91BC942}") = "Prime Numbers Coding challenge", "Prime Numbers Coding challenge\Prime Numbers Coding challenge.vcxproj", "{76B357A6-259E-4ACD-A8CF-D87A25A4EBBB}"
EndProject
Global
	GlobalSection(SolutionConfigurationPlatforms) = preSolution
		Debug|x64 = Debug|x64
		Debug|x86 = Debug|x86
		Release|x64 = Release|x64
		Release|x86 = Release|x86
	EndGlobalSection
	GlobalSection(ProjectConfigurationPlatforms) = postSolution
		{76B357A6-259E-4ACD-A8CF-D87A25A4EBBB}.Debug|x64.ActiveCfg = Debug|x64
		{76B357A6-259E-4ACD-A8CF-D87A25A4EBBB}.Debug|x64.Build.0 = Debug|x64
		{76B357A6-259E-4ACD-A8CF-D87A25A4EBBB}.Debug|x86.ActiveCfg = Debug|Win32
		{76B357A6-259E-4ACD-A8CF-D87A25A4EBBB}.Debug|x86.Build.0 = Debug|Win32
		{76B357A6-259E-4ACD-A8CF-D87A25A4EBBB}.Release|x64.ActiveCfg = Release|x64
		{76B357A6-259E-4ACD-A8CF-D87A25A4EBBB}.Release|x64.Build.0 = Release|x64
		{76B357A6-259E-4ACD-A8CF-D87A25A4EBBB}.Release|x86.ActiveCfg = Release|Win32
		{76B357A6-259E-4ACD-A8CF-D87A25A4EBBB}.Release|x86.Build.0 = Release|Win32
	EndGlobalSection
	GlobalSection(SolutionProperties) = preSolution
		HideSolutionNode = FALSE
	EndGlobalSection
	GlobalSection(ExtensibilityGlobals) = postSolution
		SolutionGuid = {450E905A-E5A1-49FB-A57B-D165D200F405}
	EndGlobalSection
EndGlobal
